
Microsoft Visual Studio Solution File, Format Version 12.00
# Visual Studio Version 17
VisualStudioVersion = 17.4.33213.308
MinimumVisualStudioVersion = 10.0.40219.1
Project("{9A19103F-16F7-4668-BE54-9A1E7A4F7556}") = "API_Blockchain", "APIBlockchain\API_Blockchain.csproj", "{2A548B9B-E72C-4A3C-8E35-DB71E3B6C048}"
EndProject
Global
	GlobalSection(SolutionConfigurationPlatforms) = preSolution
		Debug|Any CPU = Debug|Any CPU
		Release|Any CPU = Release|Any CPU
	EndGlobalSection
	GlobalSection(ProjectConfigurationPlatforms) = postSolution
		{2A548B9B-E72C-4A3C-8E35-DB71E3B6C048}.Debug|Any CPU.ActiveCfg = Debug|Any CPU
		{2A548B9B-E72C-4A3C-8E35-DB71E3B6C048}.Debug|Any CPU.Build.0 = Debug|Any CPU
		{2A548B9B-E72C-4A3C-8E35-DB71E3B6C048}.Release|Any CPU.ActiveCfg = Release|Any CPU
		{2A548B9B-E72C-4A3C-8E35-DB71E3B6C048}.Release|Any CPU.Build.0 = Release|Any CPU
	EndGlobalSection
	GlobalSection(SolutionProperties) = preSolution
		HideSolutionNode = FALSE
	EndGlobalSection
	GlobalSection(ExtensibilityGlobals) = postSolution
		SolutionGuid = {7BFC88EB-EB52-40B2-B52C-F55813F2842B}
	EndGlobalSection
EndGlobal
